
Microsoft Visual Studio Solution File, Format Version 12.00
# Visual Studio Version 17
VisualStudioVersion = 17.3.32825.248
MinimumVisualStudioVersion = 10.0.40219.1
Project("{8BC9CEB8-8B4A-11D0-8D11-00A0C91BC942}") = "Window-base", "Window-base\Window.vcxproj", "{F5894255-705B-443B-911B-B89156720CFE}"
EndProject
Global
	GlobalSection(SolutionConfigurationPlatforms) = preSolution
		Debug|x64 = Debug|x64
		Debug|x86 = Debug|x86
		Release|x64 = Release|x64
		Release|x86 = Release|x86
	EndGlobalSection
	GlobalSection(ProjectConfigurationPlatforms) = postSolution
		{F5894255-705B-443B-911B-B89156720CFE}.Debug|x64.ActiveCfg = Debug|x64
		{F5894255-705B-443B-911B-B89156720CFE}.Debug|x64.Build.0 = Debug|x64
		{F5894255-705B-443B-911B-B89156720CFE}.Debug|x86.ActiveCfg = Debug|Win32
		{F5894255-705B-443B-911B-B89156720CFE}.Debug|x86.Build.0 = Debug|Win32
		{F5894255-705B-443B-911B-B89156720CFE}.Release|x64.ActiveCfg = Release|x64
		{F5894255-705B-443B-911B-B89156720CFE}.Release|x64.Build.0 = Release|x64
		{F5894255-705B-443B-911B-B89156720CFE}.Release|x86.ActiveCfg = Release|Win32
		{F5894255-705B-443B-911B-B89156720CFE}.Release|x86.Build.0 = Release|Win32
	EndGlobalSection
	GlobalSection(SolutionProperties) = preSolution
		HideSolutionNode = FALSE
	EndGlobalSection
	GlobalSection(ExtensibilityGlobals) = postSolution
		SolutionGuid = {BDD9F72C-3A61-423E-B6CA-1422C459AF93}
	EndGlobalSection
EndGlobal
